
Microsoft Visual Studio Solution File, Format Version 12.00
# Visual Studio Version 17
VisualStudioVersion = 17.4.33213.308
MinimumVisualStudioVersion = 10.0.40219.1
Project("{FAE04EC0-301F-11D3-BF4B-00C04F79EFBC}") = "Week15", "Week15\Week15.csproj", "{6E008F1C-D906-40BB-8E43-90900A57998E}"
EndProject
Global
	GlobalSection(SolutionConfigurationPlatforms) = preSolution
		Debug|Any CPU = Debug|Any CPU
		Release|Any CPU = Release|Any CPU
	EndGlobalSection
	GlobalSection(ProjectConfigurationPlatforms) = postSolution
		{6E008F1C-D906-40BB-8E43-90900A57998E}.Debug|Any CPU.ActiveCfg = Debug|Any CPU
		{6E008F1C-D906-40BB-8E43-90900A57998E}.Debug|Any CPU.Build.0 = Debug|Any CPU
		{6E008F1C-D906-40BB-8E43-90900A57998E}.Release|Any CPU.ActiveCfg = Release|Any CPU
		{6E008F1C-D906-40BB-8E43-90900A57998E}.Release|Any CPU.Build.0 = Release|Any CPU
	EndGlobalSection
	GlobalSection(SolutionProperties) = preSolution
		HideSolutionNode = FALSE
	EndGlobalSection
	GlobalSection(ExtensibilityGlobals) = postSolution
		SolutionGuid = {9A7409FF-A9CE-4CC6-A412-C267E5189DB6}
	EndGlobalSection
EndGlobal
